
Microsoft Visual Studio Solution File, Format Version 12.00
# Visual Studio 15
VisualStudioVersion = 15.0.28010.2036
MinimumVisualStudioVersion = 10.0.40219.1
Project("{F184B08F-C81C-45F6-A57F-5ABD9991F28F}") = "Car-Booking", "Car-Booking\Car-Booking.vbproj", "{006EA15F-EFE0-4CB9-8841-3D34B78DFA5B}"
EndProject
Global
	GlobalSection(SolutionConfigurationPlatforms) = preSolution
		Debug|Any CPU = Debug|Any CPU
		Release|Any CPU = Release|Any CPU
	EndGlobalSection
	GlobalSection(ProjectConfigurationPlatforms) = postSolution
		{006EA15F-EFE0-4CB9-8841-3D34B78DFA5B}.Debug|Any CPU.ActiveCfg = Debug|Any CPU
		{006EA15F-EFE0-4CB9-8841-3D34B78DFA5B}.Debug|Any CPU.Build.0 = Debug|Any CPU
		{006EA15F-EFE0-4CB9-8841-3D34B78DFA5B}.Release|Any CPU.ActiveCfg = Release|Any CPU
		{006EA15F-EFE0-4CB9-8841-3D34B78DFA5B}.Release|Any CPU.Build.0 = Release|Any CPU
	EndGlobalSection
	GlobalSection(SolutionProperties) = preSolution
		HideSolutionNode = FALSE
	EndGlobalSection
	GlobalSection(ExtensibilityGlobals) = postSolution
		SolutionGuid = {C93FAEE8-C6D0-4EAD-8EBF-D05CDFE54330}
	EndGlobalSection
EndGlobal
